
Microsoft Visual Studio Solution File, Format Version 12.00
# Visual Studio Version 17
VisualStudioVersion = 17.3.32929.385
MinimumVisualStudioVersion = 10.0.40219.1
Project("{888888A0-9F3D-457C-B088-3A5042F75D52}") = "07b", "07b\07b.pyproj", "{58912FA7-0381-41D7-902A-00A2D7D3372F}"
EndProject
Global
	GlobalSection(SolutionConfigurationPlatforms) = preSolution
		Debug|Any CPU = Debug|Any CPU
		Release|Any CPU = Release|Any CPU
	EndGlobalSection
	GlobalSection(ProjectConfigurationPlatforms) = postSolution
		{58912FA7-0381-41D7-902A-00A2D7D3372F}.Debug|Any CPU.ActiveCfg = Debug|Any CPU
		{58912FA7-0381-41D7-902A-00A2D7D3372F}.Release|Any CPU.ActiveCfg = Release|Any CPU
	EndGlobalSection
	GlobalSection(SolutionProperties) = preSolution
		HideSolutionNode = FALSE
	EndGlobalSection
	GlobalSection(ExtensibilityGlobals) = postSolution
		SolutionGuid = {6368497A-32F2-4F17-8553-5C95AABF2A5A}
	EndGlobalSection
EndGlobal
