
Microsoft Visual Studio Solution File, Format Version 12.00
# Visual Studio Version 17
VisualStudioVersion = 17.3.32929.385
MinimumVisualStudioVersion = 10.0.40219.1
Project("{888888A0-9F3D-457C-B088-3A5042F75D52}") = "10a", "10a\10a.pyproj", "{0F8834BB-BF05-4175-96CA-C2EF946F9CF9}"
EndProject
Global
	GlobalSection(SolutionConfigurationPlatforms) = preSolution
		Debug|Any CPU = Debug|Any CPU
		Release|Any CPU = Release|Any CPU
	EndGlobalSection
	GlobalSection(ProjectConfigurationPlatforms) = postSolution
		{0F8834BB-BF05-4175-96CA-C2EF946F9CF9}.Debug|Any CPU.ActiveCfg = Debug|Any CPU
		{0F8834BB-BF05-4175-96CA-C2EF946F9CF9}.Release|Any CPU.ActiveCfg = Release|Any CPU
	EndGlobalSection
	GlobalSection(SolutionProperties) = preSolution
		HideSolutionNode = FALSE
	EndGlobalSection
	GlobalSection(ExtensibilityGlobals) = postSolution
		SolutionGuid = {90D4D6D5-57CF-407E-80CB-E384B52D7F42}
	EndGlobalSection
EndGlobal
