
Microsoft Visual Studio Solution File, Format Version 12.00
# Visual Studio Version 17
VisualStudioVersion = 17.3.32929.385
MinimumVisualStudioVersion = 10.0.40219.1
Project("{888888A0-9F3D-457C-B088-3A5042F75D52}") = "08b", "08b\08b.pyproj", "{12B4D0ED-E74A-42A5-A963-9C199A693C15}"
EndProject
Global
	GlobalSection(SolutionConfigurationPlatforms) = preSolution
		Debug|Any CPU = Debug|Any CPU
		Release|Any CPU = Release|Any CPU
	EndGlobalSection
	GlobalSection(ProjectConfigurationPlatforms) = postSolution
		{12B4D0ED-E74A-42A5-A963-9C199A693C15}.Debug|Any CPU.ActiveCfg = Debug|Any CPU
		{12B4D0ED-E74A-42A5-A963-9C199A693C15}.Release|Any CPU.ActiveCfg = Release|Any CPU
	EndGlobalSection
	GlobalSection(SolutionProperties) = preSolution
		HideSolutionNode = FALSE
	EndGlobalSection
	GlobalSection(ExtensibilityGlobals) = postSolution
		SolutionGuid = {298E745C-F875-41BB-8D4D-83953C9E9FA5}
	EndGlobalSection
EndGlobal
