
Microsoft Visual Studio Solution File, Format Version 12.00
# Visual Studio Version 17
VisualStudioVersion = 17.3.32929.385
MinimumVisualStudioVersion = 10.0.40219.1
Project("{888888A0-9F3D-457C-B088-3A5042F75D52}") = "05b", "05b\05b.pyproj", "{C958799D-5345-45E0-A4CB-50B5C5756E18}"
EndProject
Global
	GlobalSection(SolutionConfigurationPlatforms) = preSolution
		Debug|Any CPU = Debug|Any CPU
		Release|Any CPU = Release|Any CPU
	EndGlobalSection
	GlobalSection(ProjectConfigurationPlatforms) = postSolution
		{C958799D-5345-45E0-A4CB-50B5C5756E18}.Debug|Any CPU.ActiveCfg = Debug|Any CPU
		{C958799D-5345-45E0-A4CB-50B5C5756E18}.Release|Any CPU.ActiveCfg = Release|Any CPU
	EndGlobalSection
	GlobalSection(SolutionProperties) = preSolution
		HideSolutionNode = FALSE
	EndGlobalSection
	GlobalSection(ExtensibilityGlobals) = postSolution
		SolutionGuid = {140424E3-1D36-42A8-AFC3-FA11365FBC07}
	EndGlobalSection
EndGlobal
