
Microsoft Visual Studio Solution File, Format Version 12.00
# Visual Studio Version 17
VisualStudioVersion = 17.3.32929.385
MinimumVisualStudioVersion = 10.0.40219.1
Project("{888888A0-9F3D-457C-B088-3A5042F75D52}") = "04b", "04b\04b.pyproj", "{B14F676F-FB9B-4E0C-8F0B-320E6D91DC8E}"
EndProject
Global
	GlobalSection(SolutionConfigurationPlatforms) = preSolution
		Debug|Any CPU = Debug|Any CPU
		Release|Any CPU = Release|Any CPU
	EndGlobalSection
	GlobalSection(ProjectConfigurationPlatforms) = postSolution
		{B14F676F-FB9B-4E0C-8F0B-320E6D91DC8E}.Debug|Any CPU.ActiveCfg = Debug|Any CPU
		{B14F676F-FB9B-4E0C-8F0B-320E6D91DC8E}.Release|Any CPU.ActiveCfg = Release|Any CPU
	EndGlobalSection
	GlobalSection(SolutionProperties) = preSolution
		HideSolutionNode = FALSE
	EndGlobalSection
	GlobalSection(ExtensibilityGlobals) = postSolution
		SolutionGuid = {5EBEBFB2-937F-442E-BB61-E1D10285FE26}
	EndGlobalSection
EndGlobal
