
Microsoft Visual Studio Solution File, Format Version 12.00
# Visual Studio Version 17
VisualStudioVersion = 17.3.32929.385
MinimumVisualStudioVersion = 10.0.40219.1
Project("{888888A0-9F3D-457C-B088-3A5042F75D52}") = "01a", "01a\01a.pyproj", "{C18D7BBC-C17F-473D-A96C-6055C2B9B217}"
EndProject
Global
	GlobalSection(SolutionConfigurationPlatforms) = preSolution
		Debug|Any CPU = Debug|Any CPU
		Release|Any CPU = Release|Any CPU
	EndGlobalSection
	GlobalSection(ProjectConfigurationPlatforms) = postSolution
		{C18D7BBC-C17F-473D-A96C-6055C2B9B217}.Debug|Any CPU.ActiveCfg = Debug|Any CPU
		{C18D7BBC-C17F-473D-A96C-6055C2B9B217}.Release|Any CPU.ActiveCfg = Release|Any CPU
	EndGlobalSection
	GlobalSection(SolutionProperties) = preSolution
		HideSolutionNode = FALSE
	EndGlobalSection
	GlobalSection(ExtensibilityGlobals) = postSolution
		SolutionGuid = {E3025049-A4E1-46F5-B476-F63F40DBEE84}
	EndGlobalSection
EndGlobal
