
Microsoft Visual Studio Solution File, Format Version 12.00
# Visual Studio Version 17
VisualStudioVersion = 17.3.32929.385
MinimumVisualStudioVersion = 10.0.40219.1
Project("{888888A0-9F3D-457C-B088-3A5042F75D52}") = "03b", "03b\03b.pyproj", "{6A806287-0D4B-4F2F-BA51-D0A6CFCDA276}"
EndProject
Global
	GlobalSection(SolutionConfigurationPlatforms) = preSolution
		Debug|Any CPU = Debug|Any CPU
		Release|Any CPU = Release|Any CPU
	EndGlobalSection
	GlobalSection(ProjectConfigurationPlatforms) = postSolution
		{6A806287-0D4B-4F2F-BA51-D0A6CFCDA276}.Debug|Any CPU.ActiveCfg = Debug|Any CPU
		{6A806287-0D4B-4F2F-BA51-D0A6CFCDA276}.Release|Any CPU.ActiveCfg = Release|Any CPU
	EndGlobalSection
	GlobalSection(SolutionProperties) = preSolution
		HideSolutionNode = FALSE
	EndGlobalSection
	GlobalSection(ExtensibilityGlobals) = postSolution
		SolutionGuid = {0B9E008D-19C2-40C2-99A2-44402D84ED79}
	EndGlobalSection
EndGlobal
