
Microsoft Visual Studio Solution File, Format Version 12.00
# Visual Studio Version 17
VisualStudioVersion = 17.3.32929.385
MinimumVisualStudioVersion = 10.0.40219.1
Project("{888888A0-9F3D-457C-B088-3A5042F75D52}") = "03a", "03a\03a.pyproj", "{E252EFB9-18C9-484C-960E-78216CD4CBE2}"
EndProject
Global
	GlobalSection(SolutionConfigurationPlatforms) = preSolution
		Debug|Any CPU = Debug|Any CPU
		Release|Any CPU = Release|Any CPU
	EndGlobalSection
	GlobalSection(ProjectConfigurationPlatforms) = postSolution
		{E252EFB9-18C9-484C-960E-78216CD4CBE2}.Debug|Any CPU.ActiveCfg = Debug|Any CPU
		{E252EFB9-18C9-484C-960E-78216CD4CBE2}.Release|Any CPU.ActiveCfg = Release|Any CPU
	EndGlobalSection
	GlobalSection(SolutionProperties) = preSolution
		HideSolutionNode = FALSE
	EndGlobalSection
	GlobalSection(ExtensibilityGlobals) = postSolution
		SolutionGuid = {1CB45335-C895-4F84-A44C-152F3D14C0A0}
	EndGlobalSection
EndGlobal
